
Microsoft Visual Studio Solution File, Format Version 12.00
# Visual Studio Version 17
VisualStudioVersion = 17.0.32112.339
MinimumVisualStudioVersion = 10.0.40219.1
Project("{FAE04EC0-301F-11D3-BF4B-00C04F79EFBC}") = "DOTNETTODOCKER.App", "DOTNETTODOCKER.App\DOTNETTODOCKER.App.csproj", "{B0C0D8CF-C4C0-4FE5-8413-A10A2B8492E8}"
EndProject
Global
	GlobalSection(SolutionConfigurationPlatforms) = preSolution
		Debug|Any CPU = Debug|Any CPU
		Release|Any CPU = Release|Any CPU
	EndGlobalSection
	GlobalSection(ProjectConfigurationPlatforms) = postSolution
		{B0C0D8CF-C4C0-4FE5-8413-A10A2B8492E8}.Debug|Any CPU.ActiveCfg = Debug|Any CPU
		{B0C0D8CF-C4C0-4FE5-8413-A10A2B8492E8}.Debug|Any CPU.Build.0 = Debug|Any CPU
		{B0C0D8CF-C4C0-4FE5-8413-A10A2B8492E8}.Release|Any CPU.ActiveCfg = Release|Any CPU
		{B0C0D8CF-C4C0-4FE5-8413-A10A2B8492E8}.Release|Any CPU.Build.0 = Release|Any CPU
	EndGlobalSection
	GlobalSection(SolutionProperties) = preSolution
		HideSolutionNode = FALSE
	EndGlobalSection
	GlobalSection(ExtensibilityGlobals) = postSolution
		SolutionGuid = {384D4635-C463-4ACE-8CAE-BBDC061A75D7}
	EndGlobalSection
EndGlobal
